
Microsoft Visual Studio Solution File, Format Version 12.00
# Visual Studio Version 17
VisualStudioVersion = 17.3.32929.385
MinimumVisualStudioVersion = 10.0.40219.1
Project("{FAE04EC0-301F-11D3-BF4B-00C04F79EFBC}") = "A_DAL", "A_DAL\A_DAL.csproj", "{C18088DD-0A3F-45BD-AD38-C765C17D2313}"
EndProject
Project("{FAE04EC0-301F-11D3-BF4B-00C04F79EFBC}") = "B_BUS", "B_BUS\B_BUS.csproj", "{426C8F99-0203-4E51-8826-70F283741F7C}"
EndProject
Project("{FAE04EC0-301F-11D3-BF4B-00C04F79EFBC}") = "C_GUI", "C_GUI\C_GUI.csproj", "{BB927309-2222-4879-A103-E16A7DB638CE}"
EndProject
Global
	GlobalSection(SolutionConfigurationPlatforms) = preSolution
		Debug|Any CPU = Debug|Any CPU
		Release|Any CPU = Release|Any CPU
	EndGlobalSection
	GlobalSection(ProjectConfigurationPlatforms) = postSolution
		{C18088DD-0A3F-45BD-AD38-C765C17D2313}.Debug|Any CPU.ActiveCfg = Debug|Any CPU
		{C18088DD-0A3F-45BD-AD38-C765C17D2313}.Debug|Any CPU.Build.0 = Debug|Any CPU
		{C18088DD-0A3F-45BD-AD38-C765C17D2313}.Release|Any CPU.ActiveCfg = Release|Any CPU
		{C18088DD-0A3F-45BD-AD38-C765C17D2313}.Release|Any CPU.Build.0 = Release|Any CPU
		{426C8F99-0203-4E51-8826-70F283741F7C}.Debug|Any CPU.ActiveCfg = Debug|Any CPU
		{426C8F99-0203-4E51-8826-70F283741F7C}.Debug|Any CPU.Build.0 = Debug|Any CPU
		{426C8F99-0203-4E51-8826-70F283741F7C}.Release|Any CPU.ActiveCfg = Release|Any CPU
		{426C8F99-0203-4E51-8826-70F283741F7C}.Release|Any CPU.Build.0 = Release|Any CPU
		{BB927309-2222-4879-A103-E16A7DB638CE}.Debug|Any CPU.ActiveCfg = Debug|Any CPU
		{BB927309-2222-4879-A103-E16A7DB638CE}.Debug|Any CPU.Build.0 = Debug|Any CPU
		{BB927309-2222-4879-A103-E16A7DB638CE}.Release|Any CPU.ActiveCfg = Release|Any CPU
		{BB927309-2222-4879-A103-E16A7DB638CE}.Release|Any CPU.Build.0 = Release|Any CPU
	EndGlobalSection
	GlobalSection(SolutionProperties) = preSolution
		HideSolutionNode = FALSE
	EndGlobalSection
	GlobalSection(ExtensibilityGlobals) = postSolution
		SolutionGuid = {B9B5E9E2-F876-4F35-9495-7BDF60B35A10}
	EndGlobalSection
EndGlobal
